// !$*UTF8*$!
{
	archiveVersion = 1;
	classes = {
	};
	objectVersion = 50;
	objects = {

/* Begin PBXBuildFile section */
		BE93B71426CD5CA9004928F5 /* SimpleWidgetsApp.swift in Sources */ = {isa = PBXBuildFile; fileRef = BE93B71326CD5CA9004928F5 /* SimpleWidgetsApp.swift */; };
		BE93B71626CD5CA9004928F5 /* ContentView.swift in Sources */ = {isa = PBXBuildFile; fileRef = BE93B71526CD5CA9004928F5 /* ContentView.swift */; };
		BE93B71826CD5CAC004928F5 /* Assets.xcassets in Resources */ = {isa = PBXBuildFile; fileRef = BE93B71726CD5CAC004928F5 /* Assets.xcassets */; };
		BE93B71B26CD5CAC004928F5 /* Preview Assets.xcassets in Resources */ = {isa = PBXBuildFile; fileRef = BE93B71A26CD5CAC004928F5 /* Preview Assets.xcassets */; };
		BE93B72926CD88B9004928F5 /* WidgetKit.framework in Frameworks */ = {isa = PBXBuildFile; fileRef = BE93B72826CD88B9004928F5 /* WidgetKit.framework */; };
		BE93B72B26CD88B9004928F5 /* SwiftUI.framework in Frameworks */ = {isa = PBXBuildFile; fileRef = BE93B72A26CD88B9004928F5 /* SwiftUI.framework */; };
		BE93B72E26CD88B9004928F5 /* MyWidgets.swift in Sources */ = {isa = PBXBuildFile; fileRef = BE93B72D26CD88B9004928F5 /* MyWidgets.swift */; };
		BE93B73026CD88BC004928F5 /* Assets.xcassets in Resources */ = {isa = PBXBuildFile; fileRef = BE93B72F26CD88BC004928F5 /* Assets.xcassets */; };
		BE93B73426CD88BC004928F5 /* MyWidgetsExtension.appex in Embed App Extensions */ = {isa = PBXBuildFile; fileRef = BE93B72626CD88B9004928F5 /* MyWidgetsExtension.appex */; settings = {ATTRIBUTES = (RemoveHeadersOnCopy, ); }; };
/* End PBXBuildFile section */

/* Begin PBXContainerItemProxy section */
		BE93B73226CD88BC004928F5 /* PBXContainerItemProxy */ = {
			isa = PBXContainerItemProxy;
			containerPortal = BE93B70826CD5CA9004928F5 /* Project object */;
			proxyType = 1;
			remoteGlobalIDString = BE93B72526CD88B9004928F5;
			remoteInfo = MyWidgetsExtension;
		};
/* End PBXContainerItemProxy section */

/* Begin PBXCopyFilesBuildPhase section */
		BE93B73826CD88BC004928F5 /* Embed App Extensions */ = {
			isa = PBXCopyFilesBuildPhase;
			buildActionMask = 2147483647;
			dstPath = "";
			dstSubfolderSpec = 13;
			files = (
				BE93B73426CD88BC004928F5 /* MyWidgetsExtension.appex in Embed App Extensions */,
			);
			name = "Embed App Extensions";
			runOnlyForDeploymentPostprocessing = 0;
		};
/* End PBXCopyFilesBuildPhase section */

/* Begin PBXFileReference section */
		BE93B71026CD5CA9004928F5 /* SimpleWidgets.app */ = {isa = PBXFileReference; explicitFileType = wrapper.application; includeInIndex = 0; path = SimpleWidgets.app; sourceTree = BUILT_PRODUCTS_DIR; };
		BE93B71326CD5CA9004928F5 /* SimpleWidgetsApp.swift */ = {isa = PBXFileReference; lastKnownFileType = sourcecode.swift; path = SimpleWidgetsApp.swift; sourceTree = "<group>"; };
		BE93B71526CD5CA9004928F5 /* ContentView.swift */ = {isa = PBXFileReference; lastKnownFileType = sourcecode.swift; path = ContentView.swift; sourceTree = "<group>"; };
		BE93B71726CD5CAC004928F5 /* Assets.xcassets */ = {isa = PBXFileReference; lastKnownFileType = folder.assetcatalog; path = Assets.xcassets; sourceTree = "<group>"; };
		BE93B71A26CD5CAC004928F5 /* Preview Assets.xcassets */ = {isa = PBXFileReference; lastKnownFileType = folder.assetcatalog; path = "Preview Assets.xcassets"; sourceTree = "<group>"; };
		BE93B71C26CD5CAC004928F5 /* Info.plist */ = {isa = PBXFileReference; lastKnownFileType = text.plist.xml; path = Info.plist; sourceTree = "<group>"; };
		BE93B72626CD88B9004928F5 /* MyWidgetsExtension.appex */ = {isa = PBXFileReference; explicitFileType = "wrapper.app-extension"; includeInIndex = 0; path = MyWidgetsExtension.appex; sourceTree = BUILT_PRODUCTS_DIR; };
		BE93B72826CD88B9004928F5 /* WidgetKit.framework */ = {isa = PBXFileReference; lastKnownFileType = wrapper.framework; name = WidgetKit.framework; path = System/Library/Frameworks/WidgetKit.framework; sourceTree = SDKROOT; };
		BE93B72A26CD88B9004928F5 /* SwiftUI.framework */ = {isa = PBXFileReference; lastKnownFileType = wrapper.framework; name = SwiftUI.framework; path = System/Library/Frameworks/SwiftUI.framework; sourceTree = SDKROOT; };
		BE93B72D26CD88B9004928F5 /* MyWidgets.swift */ = {isa = PBXFileReference; lastKnownFileType = sourcecode.swift; path = MyWidgets.swift; sourceTree = "<group>"; };
		BE93B72F26CD88BC004928F5 /* Assets.xcassets */ = {isa = PBXFileReference; lastKnownFileType = folder.assetcatalog; path = Assets.xcassets; sourceTree = "<group>"; };
		BE93B73126CD88BC004928F5 /* Info.plist */ = {isa = PBXFileReference; lastKnownFileType = text.plist.xml; path = Info.plist; sourceTree = "<group>"; };
/* End PBXFileReference section */

/* Begin PBXFrameworksBuildPhase section */
		BE93B70D26CD5CA9004928F5 /* Frameworks */ = {
			isa = PBXFrameworksBuildPhase;
			buildActionMask = 2147483647;
			files = (
			);
			runOnlyForDeploymentPostprocessing = 0;
		};
		BE93B72326CD88B9004928F5 /* Frameworks */ = {
			isa = PBXFrameworksBuildPhase;
			buildActionMask = 2147483647;
			files = (
				BE93B72B26CD88B9004928F5 /* SwiftUI.framework in Frameworks */,
				BE93B72926CD88B9004928F5 /* WidgetKit.framework in Frameworks */,
			);
			runOnlyForDeploymentPostprocessing = 0;
		};
/* End PBXFrameworksBuildPhase section */

/* Begin PBXGroup section */
		BE93B70726CD5CA9004928F5 = {
			isa = PBXGroup;
			children = (
				BE93B71226CD5CA9004928F5 /* SimpleWidgets */,
				BE93B72C26CD88B9004928F5 /* MyWidgets */,
				BE93B72726CD88B9004928F5 /* Frameworks */,
				BE93B71126CD5CA9004928F5 /* Products */,
			);
			sourceTree = "<group>";
		};
		BE93B71126CD5CA9004928F5 /* Products */ = {
			isa = PBXGroup;
			children = (
				BE93B71026CD5CA9004928F5 /* SimpleWidgets.app */,
				BE93B72626CD88B9004928F5 /* MyWidgetsExtension.appex */,
			);
			name = Products;
			sourceTree = "<group>";
		};
		BE93B71226CD5CA9004928F5 /* SimpleWidgets */ = {
			isa = PBXGroup;
			children = (
				BE93B71326CD5CA9004928F5 /* SimpleWidgetsApp.swift */,
				BE93B71526CD5CA9004928F5 /* ContentView.swift */,
				BE93B71726CD5CAC004928F5 /* Assets.xcassets */,
				BE93B71C26CD5CAC004928F5 /* Info.plist */,
				BE93B71926CD5CAC004928F5 /* Preview Content */,
			);
			path = SimpleWidgets;
			sourceTree = "<group>";
		};
		BE93B71926CD5CAC004928F5 /* Preview Content */ = {
			isa = PBXGroup;
			children = (
				BE93B71A26CD5CAC004928F5 /* Preview Assets.xcassets */,
			);
			path = "Preview Content";
			sourceTree = "<group>";
		};
		BE93B72726CD88B9004928F5 /* Frameworks */ = {
			isa = PBXGroup;
			children = (
				BE93B72826CD88B9004928F5 /* WidgetKit.framework */,
				BE93B72A26CD88B9004928F5 /* SwiftUI.framework */,
			);
			name = Frameworks;
			sourceTree = "<group>";
		};
		BE93B72C26CD88B9004928F5 /* MyWidgets */ = {
			isa = PBXGroup;
			children = (
				BE93B72D26CD88B9004928F5 /* MyWidgets.swift */,
				BE93B72F26CD88BC004928F5 /* Assets.xcassets */,
				BE93B73126CD88BC004928F5 /* Info.plist */,
			);
			path = MyWidgets;
			sourceTree = "<group>";
		};
/* End PBXGroup section */

/* Begin PBXNativeTarget section */
		BE93B70F26CD5CA9004928F5 /* SimpleWidgets */ = {
			isa = PBXNativeTarget;
			buildConfigurationList = BE93B71F26CD5CAC004928F5 /* Build configuration list for PBXNativeTarget "SimpleWidgets" */;
			buildPhases = (
				BE93B70C26CD5CA9004928F5 /* Sources */,
				BE93B70D26CD5CA9004928F5 /* Frameworks */,
				BE93B70E26CD5CA9004928F5 /* Resources */,
				BE93B73826CD88BC004928F5 /* Embed App Extensions */,
			);
			buildRules = (
			);
			dependencies = (
				BE93B73326CD88BC004928F5 /* PBXTargetDependency */,
			);
			name = SimpleWidgets;
			productName = SimpleWidgets;
			productReference = BE93B71026CD5CA9004928F5 /* SimpleWidgets.app */;
			productType = "com.apple.product-type.application";
		};
		BE93B72526CD88B9004928F5 /* MyWidgetsExtension */ = {
			isa = PBXNativeTarget;
			buildConfigurationList = BE93B73526CD88BC004928F5 /* Build configuration list for PBXNativeTarget "MyWidgetsExtension" */;
			buildPhases = (
				BE93B72226CD88B9004928F5 /* Sources */,
				BE93B72326CD88B9004928F5 /* Frameworks */,
				BE93B72426CD88B9004928F5 /* Resources */,
			);
			buildRules = (
			);
			dependencies = (
			);
			name = MyWidgetsExtension;
			productName = MyWidgetsExtension;
			productReference = BE93B72626CD88B9004928F5 /* MyWidgetsExtension.appex */;
			productType = "com.apple.product-type.app-extension";
		};
/* End PBXNativeTarget section */

/* Begin PBXProject section */
		BE93B70826CD5CA9004928F5 /* Project object */ = {
			isa = PBXProject;
			attributes = {
				LastSwiftUpdateCheck = 1250;
				LastUpgradeCheck = 1250;
				TargetAttributes = {
					BE93B70F26CD5CA9004928F5 = {
						CreatedOnToolsVersion = 12.5.1;
					};
					BE93B72526CD88B9004928F5 = {
						CreatedOnToolsVersion = 12.5.1;
					};
				};
			};
			buildConfigurationList = BE93B70B26CD5CA9004928F5 /* Build configuration list for PBXProject "SimpleWidgets" */;
			compatibilityVersion = "Xcode 9.3";
			developmentRegion = en;
			hasScannedForEncodings = 0;
			knownRegions = (
				en,
				Base,
			);
			mainGroup = BE93B70726CD5CA9004928F5;
			productRefGroup = BE93B71126CD5CA9004928F5 /* Products */;
			projectDirPath = "";
			projectRoot = "";
			targets = (
				BE93B70F26CD5CA9004928F5 /* SimpleWidgets */,
				BE93B72526CD88B9004928F5 /* MyWidgetsExtension */,
			);
		};
/* End PBXProject section */

/* Begin PBXResourcesBuildPhase section */
		BE93B70E26CD5CA9004928F5 /* Resources */ = {
			isa = PBXResourcesBuildPhase;
			buildActionMask = 2147483647;
			files = (
				BE93B71B26CD5CAC004928F5 /* Preview Assets.xcassets in Resources */,
				BE93B71826CD5CAC004928F5 /* Assets.xcassets in Resources */,
			);
			runOnlyForDeploymentPostprocessing = 0;
		};
		BE93B72426CD88B9004928F5 /* Resources */ = {
			isa = PBXResourcesBuildPhase;
			buildActionMask = 2147483647;
			files = (
				BE93B73026CD88BC004928F5 /* Assets.xcassets in Resources */,
			);
			runOnlyForDeploymentPostprocessing = 0;
		};
/* End PBXResourcesBuildPhase section */

/* Begin PBXSourcesBuildPhase section */
		BE93B70C26CD5CA9004928F5 /* Sources */ = {
			isa = PBXSourcesBuildPhase;
			buildActionMask = 2147483647;
			files = (
				BE93B71626CD5CA9004928F5 /* ContentView.swift in Sources */,
				BE93B71426CD5CA9004928F5 /* SimpleWidgetsApp.swift in Sources */,
			);
			runOnlyForDeploymentPostprocessing = 0;
		};
		BE93B72226CD88B9004928F5 /* Sources */ = {
			isa = PBXSourcesBuildPhase;
			buildActionMask = 2147483647;
			files = (
				BE93B72E26CD88B9004928F5 /* MyWidgets.swift in Sources */,
			);
			runOnlyForDeploymentPostprocessing = 0;
		};
/* End PBXSourcesBuildPhase section */

/* Begin PBXTargetDependency section */
		BE93B73326CD88BC004928F5 /* PBXTargetDependency */ = {
			isa = PBXTargetDependency;
			target = BE93B72526CD88B9004928F5 /* MyWidgetsExtension */;
			targetProxy = BE93B73226CD88BC004928F5 /* PBXContainerItemProxy */;
		};
/* End PBXTargetDependency section */

/* Begin XCBuildConfiguration section */
		BE93B71D26CD5CAC004928F5 /* Debug */ = {
			isa = XCBuildConfiguration;
			buildSettings = {
				ALWAYS_SEARCH_USER_PATHS = NO;
				CLANG_ANALYZER_NONNULL = YES;
				CLANG_ANALYZER_NUMBER_OBJECT_CONVERSION = YES_AGGRESSIVE;
				CLANG_CXX_LANGUAGE_STANDARD = "gnu++14";
				CLANG_CXX_LIBRARY = "libc++";
				CLANG_ENABLE_MODULES = YES;
				CLANG_ENABLE_OBJC_ARC = YES;
				CLANG_ENABLE_OBJC_WEAK = YES;
				CLANG_WARN_BLOCK_CAPTURE_AUTORELEASING = YES;
				CLANG_WARN_BOOL_CONVERSION = YES;
				CLANG_WARN_COMMA = YES;
				CLANG_WARN_CONSTANT_CONVERSION = YES;
				CLANG_WARN_DEPRECATED_OBJC_IMPLEMENTATIONS = YES;
				CLANG_WARN_DIRECT_OBJC_ISA_USAGE = YES_ERROR;
				CLANG_WARN_DOCUMENTATION_COMMENTS = YES;
				CLANG_WARN_EMPTY_BODY = YES;
				CLANG_WARN_ENUM_CONVERSION = YES;
				CLANG_WARN_INFINITE_RECURSION = YES;
				CLANG_WARN_INT_CONVERSION = YES;
				CLANG_WARN_NON_LITERAL_NULL_CONVERSION = YES;
				CLANG_WARN_OBJC_IMPLICIT_RETAIN_SELF = YES;
				CLANG_WARN_OBJC_LITERAL_CONVERSION = YES;
				CLANG_WARN_OBJC_ROOT_CLASS = YES_ERROR;
				CLANG_WARN_QUOTED_INCLUDE_IN_FRAMEWORK_HEADER = YES;
				CLANG_WARN_RANGE_LOOP_ANALYSIS = YES;
				CLANG_WARN_STRICT_PROTOTYPES = YES;
				CLANG_WARN_SUSPICIOUS_MOVE = YES;
				CLANG_WARN_UNGUARDED_AVAILABILITY = YES_AGGRESSIVE;
				CLANG_WARN_UNREACHABLE_CODE = YES;
				CLANG_WARN__DUPLICATE_METHOD_MATCH = YES;
				COPY_PHASE_STRIP = NO;
				DEBUG_INFORMATION_FORMAT = dwarf;
				ENABLE_STRICT_OBJC_MSGSEND = YES;
				ENABLE_TESTABILITY = YES;
				GCC_C_LANGUAGE_STANDARD = gnu11;
				GCC_DYNAMIC_NO_PIC = NO;
				GCC_NO_COMMON_BLOCKS = YES;
				GCC_OPTIMIZATION_LEVEL = 0;
				GCC_PREPROCESSOR_DEFINITIONS = (
					"DEBUG=1",
					"$(inherited)",
				);
				GCC_WARN_64_TO_32_BIT_CONVERSION = YES;
				GCC_WARN_ABOUT_RETURN_TYPE = YES_ERROR;
				GCC_WARN_UNDECLARED_SELECTOR = YES;
				GCC_WARN_UNINITIALIZED_AUTOS = YES_AGGRESSIVE;
				GCC_WARN_UNUSED_FUNCTION = YES;
				GCC_WARN_UNUSED_VARIABLE = YES;
				IPHONEOS_DEPLOYMENT_TARGET = 14.5;
				MTL_ENABLE_DEBUG_INFO = INCLUDE_SOURCE;
				MTL_FAST_MATH = YES;
				ONLY_ACTIVE_ARCH = YES;
				SDKROOT = iphoneos;
				SWIFT_ACTIVE_COMPILATION_CONDITIONS = DEBUG;
				SWIFT_OPTIMIZATION_LEVEL = "-Onone";
			};
			name = Debug;
		};
		BE93B71E26CD5CAC004928F5 /* Release */ = {
			isa = XCBuildConfiguration;
			buildSettings = {
				ALWAYS_SEARCH_USER_PATHS = NO;
				CLANG_ANALYZER_NONNULL = YES;
				CLANG_ANALYZER_NUMBER_OBJECT_CONVERSION = YES_AGGRESSIVE;
				CLANG_CXX_LANGUAGE_STANDARD = "gnu++14";
				CLANG_CXX_LIBRARY = "libc++";
				CLANG_ENABLE_MODULES = YES;
				CLANG_ENABLE_OBJC_ARC = YES;
				CLANG_ENABLE_OBJC_WEAK = YES;
				CLANG_WARN_BLOCK_CAPTURE_AUTORELEASING = YES;
				CLANG_WARN_BOOL_CONVERSION = YES;
				CLANG_WARN_COMMA = YES;
				CLANG_WARN_CONSTANT_CONVERSION = YES;
				CLANG_WARN_DEPRECATED_OBJC_IMPLEMENTATIONS = YES;
				CLANG_WARN_DIRECT_OBJC_ISA_USAGE = YES_ERROR;
				CLANG_WARN_DOCUMENTATION_COMMENTS = YES;
				CLANG_WARN_EMPTY_BODY = YES;
				CLANG_WARN_ENUM_CONVERSION = YES;
				CLANG_WARN_INFINITE_RECURSION = YES;
				CLANG_WARN_INT_CONVERSION = YES;
				CLANG_WARN_NON_LITERAL_NULL_CONVERSION = YES;
				CLANG_WARN_OBJC_IMPLICIT_RETAIN_SELF = YES;
				CLANG_WARN_OBJC_LITERAL_CONVERSION = YES;
				CLANG_WARN_OBJC_ROOT_CLASS = YES_ERROR;
				CLANG_WARN_QUOTED_INCLUDE_IN_FRAMEWORK_HEADER = YES;
				CLANG_WARN_RANGE_LOOP_ANALYSIS = YES;
				CLANG_WARN_STRICT_PROTOTYPES = YES;
				CLANG_WARN_SUSPICIOUS_MOVE = YES;
				CLANG_WARN_UNGUARDED_AVAILABILITY = YES_AGGRESSIVE;
				CLANG_WARN_UNREACHABLE_CODE = YES;
				CLANG_WARN__DUPLICATE_METHOD_MATCH = YES;
				COPY_PHASE_STRIP = NO;
				DEBUG_INFORMATION_FORMAT = "dwarf-with-dsym";
				ENABLE_NS_ASSERTIONS = NO;
				ENABLE_STRICT_OBJC_MSGSEND = YES;
				GCC_C_LANGUAGE_STANDARD = gnu11;
				GCC_NO_COMMON_BLOCKS = YES;
				GCC_WARN_64_TO_32_BIT_CONVERSION = YES;
				GCC_WARN_ABOUT_RETURN_TYPE = YES_ERROR;
				GCC_WARN_UNDECLARED_SELECTOR = YES;
				GCC_WARN_UNINITIALIZED_AUTOS = YES_AGGRESSIVE;
				GCC_WARN_UNUSED_FUNCTION = YES;
				GCC_WARN_UNUSED_VARIABLE = YES;
				IPHONEOS_DEPLOYMENT_TARGET = 14.5;
				MTL_ENABLE_DEBUG_INFO = NO;
				MTL_FAST_MATH = YES;
				SDKROOT = iphoneos;
				SWIFT_COMPILATION_MODE = wholemodule;
				SWIFT_OPTIMIZATION_LEVEL = "-O";
				VALIDATE_PRODUCT = YES;
			};
			name = Release;
		};
		BE93B72026CD5CAC004928F5 /* Debug */ = {
			isa = XCBuildConfiguration;
			buildSettings = {
				ALWAYS_EMBED_SWIFT_STANDARD_LIBRARIES = YES;
				ASSETCATALOG_COMPILER_APPICON_NAME = AppIcon;
				ASSETCATALOG_COMPILER_GLOBAL_ACCENT_COLOR_NAME = AccentColor;
				CODE_SIGN_STYLE = Automatic;
				DEVELOPMENT_ASSET_PATHS = "\"SimpleWidgets/Preview Content\"";
				DEVELOPMENT_TEAM = 23WSBM7T82;
				ENABLE_PREVIEWS = YES;
				INFOPLIST_FILE = SimpleWidgets/Info.plist;
				IPHONEOS_DEPLOYMENT_TARGET = 14.0;
				LD_RUNPATH_SEARCH_PATHS = (
					"$(inherited)",
					"@executable_path/Frameworks",
				);
				PRODUCT_BUNDLE_IDENTIFIER = jhfs.academy.cin.ufpe.br.SimpleWidgets;
				PRODUCT_NAME = "$(TARGET_NAME)";
				SWIFT_VERSION = 5.0;
				TARGETED_DEVICE_FAMILY = "1,2";
			};
			name = Debug;
		};
		BE93B72126CD5CAC004928F5 /* Release */ = {
			isa = XCBuildConfiguration;
			buildSettings = {
				ALWAYS_EMBED_SWIFT_STANDARD_LIBRARIES = YES;
				ASSETCATALOG_COMPILER_APPICON_NAME = AppIcon;
				ASSETCATALOG_COMPILER_GLOBAL_ACCENT_COLOR_NAME = AccentColor;
				CODE_SIGN_STYLE = Automatic;
				DEVELOPMENT_ASSET_PATHS = "\"SimpleWidgets/Preview Content\"";
				DEVELOPMENT_TEAM = 23WSBM7T82;
				ENABLE_PREVIEWS = YES;
				INFOPLIST_FILE = SimpleWidgets/Info.plist;
				IPHONEOS_DEPLOYMENT_TARGET = 14.0;
				LD_RUNPATH_SEARCH_PATHS = (
					"$(inherited)",
					"@executable_path/Frameworks",
				);
				PRODUCT_BUNDLE_IDENTIFIER = jhfs.academy.cin.ufpe.br.SimpleWidgets;
				PRODUCT_NAME = "$(TARGET_NAME)";
				SWIFT_VERSION = 5.0;
				TARGETED_DEVICE_FAMILY = "1,2";
			};
			name = Release;
		};
		BE93B73626CD88BC004928F5 /* Debug */ = {
			isa = XCBuildConfiguration;
			buildSettings = {
				ASSETCATALOG_COMPILER_GLOBAL_ACCENT_COLOR_NAME = AccentColor;
				ASSETCATALOG_COMPILER_WIDGET_BACKGROUND_COLOR_NAME = WidgetBackground;
				CODE_SIGN_STYLE = Automatic;
				DEVELOPMENT_TEAM = 23WSBM7T82;
				INFOPLIST_FILE = MyWidgets/Info.plist;
				LD_RUNPATH_SEARCH_PATHS = (
					"$(inherited)",
					"@executable_path/Frameworks",
					"@executable_path/../../Frameworks",
				);
				PRODUCT_BUNDLE_IDENTIFIER = jhfs.academy.cin.ufpe.br.SimpleWidgets.MyWidgets;
				PRODUCT_NAME = "$(TARGET_NAME)";
				SKIP_INSTALL = YES;
				SWIFT_VERSION = 5.0;
				TARGETED_DEVICE_FAMILY = "1,2";
			};
			name = Debug;
		};
		BE93B73726CD88BC004928F5 /* Release */ = {
			isa = XCBuildConfiguration;
			buildSettings = {
				ASSETCATALOG_COMPILER_GLOBAL_ACCENT_COLOR_NAME = AccentColor;
				ASSETCATALOG_COMPILER_WIDGET_BACKGROUND_COLOR_NAME = WidgetBackground;
				CODE_SIGN_STYLE = Automatic;
				DEVELOPMENT_TEAM = 23WSBM7T82;
				INFOPLIST_FILE = MyWidgets/Info.plist;
				LD_RUNPATH_SEARCH_PATHS = (
					"$(inherited)",
					"@executable_path/Frameworks",
					"@executable_path/../../Frameworks",
				);
				PRODUCT_BUNDLE_IDENTIFIER = jhfs.academy.cin.ufpe.br.SimpleWidgets.MyWidgets;
				PRODUCT_NAME = "$(TARGET_NAME)";
				SKIP_INSTALL = YES;
				SWIFT_VERSION = 5.0;
				TARGETED_DEVICE_FAMILY = "1,2";
			};
			name = Release;
		};
/* End XCBuildConfiguration section */

/* Begin XCConfigurationList section */
		BE93B70B26CD5CA9004928F5 /* Build configuration list for PBXProject "SimpleWidgets" */ = {
			isa = XCConfigurationList;
			buildConfigurations = (
				BE93B71D26CD5CAC004928F5 /* Debug */,
				BE93B71E26CD5CAC004928F5 /* Release */,
			);
			defaultConfigurationIsVisible = 0;
			defaultConfigurationName = Release;
		};
		BE93B71F26CD5CAC004928F5 /* Build configuration list for PBXNativeTarget "SimpleWidgets" */ = {
			isa = XCConfigurationList;
			buildConfigurations = (
				BE93B72026CD5CAC004928F5 /* Debug */,
				BE93B72126CD5CAC004928F5 /* Release */,
			);
			defaultConfigurationIsVisible = 0;
			defaultConfigurationName = Release;
		};
		BE93B73526CD88BC004928F5 /* Build configuration list for PBXNativeTarget "MyWidgetsExtension" */ = {
			isa = XCConfigurationList;
			buildConfigurations = (
				BE93B73626CD88BC004928F5 /* Debug */,
				BE93B73726CD88BC004928F5 /* Release */,
			);
			defaultConfigurationIsVisible = 0;
			defaultConfigurationName = Release;
		};
/* End XCConfigurationList section */
	};
	rootObject = BE93B70826CD5CA9004928F5 /* Project object */;
}
